
Microsoft Visual Studio Solution File, Format Version 12.00
# Visual Studio Version 17
VisualStudioVersion = 17.5.002.0
MinimumVisualStudioVersion = 10.0.40219.1
Project("{9A19103F-16F7-4668-BE54-9A1E7A4F7556}") = "DesafioFundamentos", "DesafioFundamentos.csproj", "{8C9080C9-0D42-4488-BCBB-60FAA3377FB1}"
EndProject
Global
	GlobalSection(SolutionConfigurationPlatforms) = preSolution
		Debug|Any CPU = Debug|Any CPU
		Release|Any CPU = Release|Any CPU
	EndGlobalSection
	GlobalSection(ProjectConfigurationPlatforms) = postSolution
		{8C9080C9-0D42-4488-BCBB-60FAA3377FB1}.Debug|Any CPU.ActiveCfg = Debug|Any CPU
		{8C9080C9-0D42-4488-BCBB-60FAA3377FB1}.Debug|Any CPU.Build.0 = Debug|Any CPU
		{8C9080C9-0D42-4488-BCBB-60FAA3377FB1}.Release|Any CPU.ActiveCfg = Release|Any CPU
		{8C9080C9-0D42-4488-BCBB-60FAA3377FB1}.Release|Any CPU.Build.0 = Release|Any CPU
	EndGlobalSection
	GlobalSection(SolutionProperties) = preSolution
		HideSolutionNode = FALSE
	EndGlobalSection
	GlobalSection(ExtensibilityGlobals) = postSolution
		SolutionGuid = {723AC8E0-74DE-4B35-BB82-AC787A14CD12}
	EndGlobalSection
EndGlobal
